
Microsoft Visual Studio Solution File, Format Version 12.00
# Visual Studio Version 17
VisualStudioVersion = 17.10.35027.167
MinimumVisualStudioVersion = 10.0.40219.1
Project("{FAE04EC0-301F-11D3-BF4B-00C04F79EFBC}") = "EnumSample", "EnumSample.csproj", "{EDA199BF-7DBE-489D-944D-6C1ED446E27D}"
EndProject
Global
	GlobalSection(SolutionConfigurationPlatforms) = preSolution
		Debug|Any CPU = Debug|Any CPU
		Release|Any CPU = Release|Any CPU
	EndGlobalSection
	GlobalSection(ProjectConfigurationPlatforms) = postSolution
		{EDA199BF-7DBE-489D-944D-6C1ED446E27D}.Debug|Any CPU.ActiveCfg = Debug|Any CPU
		{EDA199BF-7DBE-489D-944D-6C1ED446E27D}.Debug|Any CPU.Build.0 = Debug|Any CPU
		{EDA199BF-7DBE-489D-944D-6C1ED446E27D}.Release|Any CPU.ActiveCfg = Release|Any CPU
		{EDA199BF-7DBE-489D-944D-6C1ED446E27D}.Release|Any CPU.Build.0 = Release|Any CPU
	EndGlobalSection
	GlobalSection(SolutionProperties) = preSolution
		HideSolutionNode = FALSE
	EndGlobalSection
	GlobalSection(ExtensibilityGlobals) = postSolution
		SolutionGuid = {52D41BFD-5A90-45DC-A4EA-0081406E6A7D}
	EndGlobalSection
EndGlobal
